
Microsoft Visual Studio Solution File, Format Version 12.00
# Visual Studio Version 16
VisualStudioVersion = 16.0.29215.179
MinimumVisualStudioVersion = 10.0.40219.1
Project("{FAE04EC0-301F-11D3-BF4B-00C04F79EFBC}") = "GitHelloWorld", "GitHelloWorld.csproj", "{FBC5AC2F-92D1-455C-80CE-29D887BDC603}"
EndProject
Global
	GlobalSection(SolutionConfigurationPlatforms) = preSolution
		Debug|Any CPU = Debug|Any CPU
		Release|Any CPU = Release|Any CPU
	EndGlobalSection
	GlobalSection(ProjectConfigurationPlatforms) = postSolution
		{FBC5AC2F-92D1-455C-80CE-29D887BDC603}.Debug|Any CPU.ActiveCfg = Debug|Any CPU
		{FBC5AC2F-92D1-455C-80CE-29D887BDC603}.Debug|Any CPU.Build.0 = Debug|Any CPU
		{FBC5AC2F-92D1-455C-80CE-29D887BDC603}.Release|Any CPU.ActiveCfg = Release|Any CPU
		{FBC5AC2F-92D1-455C-80CE-29D887BDC603}.Release|Any CPU.Build.0 = Release|Any CPU
	EndGlobalSection
	GlobalSection(SolutionProperties) = preSolution
		HideSolutionNode = FALSE
	EndGlobalSection
	GlobalSection(ExtensibilityGlobals) = postSolution
		SolutionGuid = {CD4C4CC8-BD17-4B56-AEDD-19A9E1441008}
	EndGlobalSection
EndGlobal
